
Microsoft Visual Studio Solution File, Format Version 12.00
# Visual Studio Version 17
VisualStudioVersion = 17.0.31912.275
MinimumVisualStudioVersion = 10.0.40219.1
Project("{FAE04EC0-301F-11D3-BF4B-00C04F79EFBC}") = "LudusBet", "LudusBet\LudusBet.csproj", "{37579CD3-D49A-431A-AEA7-D410F45C2AFA}"
EndProject
Global
	GlobalSection(SolutionConfigurationPlatforms) = preSolution
		Debug|Any CPU = Debug|Any CPU
		Release|Any CPU = Release|Any CPU
	EndGlobalSection
	GlobalSection(ProjectConfigurationPlatforms) = postSolution
		{37579CD3-D49A-431A-AEA7-D410F45C2AFA}.Debug|Any CPU.ActiveCfg = Debug|Any CPU
		{37579CD3-D49A-431A-AEA7-D410F45C2AFA}.Debug|Any CPU.Build.0 = Debug|Any CPU
		{37579CD3-D49A-431A-AEA7-D410F45C2AFA}.Release|Any CPU.ActiveCfg = Release|Any CPU
		{37579CD3-D49A-431A-AEA7-D410F45C2AFA}.Release|Any CPU.Build.0 = Release|Any CPU
	EndGlobalSection
	GlobalSection(SolutionProperties) = preSolution
		HideSolutionNode = FALSE
	EndGlobalSection
	GlobalSection(ExtensibilityGlobals) = postSolution
		SolutionGuid = {99474D34-F7B6-474E-8AE9-74D1D1B3F4C6}
	EndGlobalSection
EndGlobal
